
Microsoft Visual Studio Solution File, Format Version 12.00
# Visual Studio Version 16
VisualStudioVersion = 16.0.30804.86
MinimumVisualStudioVersion = 10.0.40219.1
Project("{FAE04EC0-301F-11D3-BF4B-00C04F79EFBC}") = "LED.DAL", "LED.DAL\LED.DAL.csproj", "{19677DA7-5D4F-4BF9-AD10-DDB92755D605}"
EndProject
Project("{FAE04EC0-301F-11D3-BF4B-00C04F79EFBC}") = "LED.Entities", "LED.Entities\LED.Entities.csproj", "{7A2A7D79-3A90-4AD4-A7CF-1434628F99F2}"
EndProject
Project("{FAE04EC0-301F-11D3-BF4B-00C04F79EFBC}") = "LED.Web", "LED.Web\LED.Web.csproj", "{8F63BC93-846A-4CD7-A1B7-3D1E50129735}"
EndProject
Global
	GlobalSection(SolutionConfigurationPlatforms) = preSolution
		Debug|Any CPU = Debug|Any CPU
		Release|Any CPU = Release|Any CPU
	EndGlobalSection
	GlobalSection(ProjectConfigurationPlatforms) = postSolution
		{19677DA7-5D4F-4BF9-AD10-DDB92755D605}.Debug|Any CPU.ActiveCfg = Debug|Any CPU
		{19677DA7-5D4F-4BF9-AD10-DDB92755D605}.Debug|Any CPU.Build.0 = Debug|Any CPU
		{19677DA7-5D4F-4BF9-AD10-DDB92755D605}.Release|Any CPU.ActiveCfg = Release|Any CPU
		{19677DA7-5D4F-4BF9-AD10-DDB92755D605}.Release|Any CPU.Build.0 = Release|Any CPU
		{7A2A7D79-3A90-4AD4-A7CF-1434628F99F2}.Debug|Any CPU.ActiveCfg = Debug|Any CPU
		{7A2A7D79-3A90-4AD4-A7CF-1434628F99F2}.Debug|Any CPU.Build.0 = Debug|Any CPU
		{7A2A7D79-3A90-4AD4-A7CF-1434628F99F2}.Release|Any CPU.ActiveCfg = Release|Any CPU
		{7A2A7D79-3A90-4AD4-A7CF-1434628F99F2}.Release|Any CPU.Build.0 = Release|Any CPU
		{8F63BC93-846A-4CD7-A1B7-3D1E50129735}.Debug|Any CPU.ActiveCfg = Debug|Any CPU
		{8F63BC93-846A-4CD7-A1B7-3D1E50129735}.Debug|Any CPU.Build.0 = Debug|Any CPU
		{8F63BC93-846A-4CD7-A1B7-3D1E50129735}.Release|Any CPU.ActiveCfg = Release|Any CPU
		{8F63BC93-846A-4CD7-A1B7-3D1E50129735}.Release|Any CPU.Build.0 = Release|Any CPU
	EndGlobalSection
	GlobalSection(SolutionProperties) = preSolution
		HideSolutionNode = FALSE
	EndGlobalSection
	GlobalSection(ExtensibilityGlobals) = postSolution
		SolutionGuid = {482A3910-EFE0-45EB-AF59-3722AD9E373E}
	EndGlobalSection
EndGlobal
